
Microsoft Visual Studio Solution File, Format Version 12.00
# Visual Studio 15
VisualStudioVersion = 15.0.26228.4
MinimumVisualStudioVersion = 10.0.40219.1
Project("{FAE04EC0-301F-11D3-BF4B-00C04F79EFBC}") = "ContosoUniversity", "ContosoUniversity\ContosoUniversity.csproj", "{65A555D3-B9D2-4A13-A761-F1014A6B5040}"
EndProject
Project("{00D1A9C2-B5F0-4AF3-8072-F6C62B433612}") = "ContosoUniversity2_Database", "ContosoUniversity2_Database\ContosoUniversity2_Database.sqlproj", "{9522C9C1-E04A-440F-BF58-D8AE9A3090C8}"
EndProject
Global
	GlobalSection(SolutionConfigurationPlatforms) = preSolution
		Debug|Any CPU = Debug|Any CPU
		Release|Any CPU = Release|Any CPU
	EndGlobalSection
	GlobalSection(ProjectConfigurationPlatforms) = postSolution
		{65A555D3-B9D2-4A13-A761-F1014A6B5040}.Debug|Any CPU.ActiveCfg = Debug|Any CPU
		{65A555D3-B9D2-4A13-A761-F1014A6B5040}.Debug|Any CPU.Build.0 = Debug|Any CPU
		{65A555D3-B9D2-4A13-A761-F1014A6B5040}.Release|Any CPU.ActiveCfg = Release|Any CPU
		{65A555D3-B9D2-4A13-A761-F1014A6B5040}.Release|Any CPU.Build.0 = Release|Any CPU
		{9522C9C1-E04A-440F-BF58-D8AE9A3090C8}.Debug|Any CPU.ActiveCfg = Debug|Any CPU
		{9522C9C1-E04A-440F-BF58-D8AE9A3090C8}.Debug|Any CPU.Build.0 = Debug|Any CPU
		{9522C9C1-E04A-440F-BF58-D8AE9A3090C8}.Debug|Any CPU.Deploy.0 = Debug|Any CPU
		{9522C9C1-E04A-440F-BF58-D8AE9A3090C8}.Release|Any CPU.ActiveCfg = Release|Any CPU
		{9522C9C1-E04A-440F-BF58-D8AE9A3090C8}.Release|Any CPU.Build.0 = Release|Any CPU
		{9522C9C1-E04A-440F-BF58-D8AE9A3090C8}.Release|Any CPU.Deploy.0 = Release|Any CPU
	EndGlobalSection
	GlobalSection(SolutionProperties) = preSolution
		HideSolutionNode = FALSE
	EndGlobalSection
EndGlobal
